
Microsoft Visual Studio Solution File, Format Version 12.00
# Visual Studio Version 17
VisualStudioVersion = 17.4.33213.308
MinimumVisualStudioVersion = 10.0.40219.1
Project("{FAE04EC0-301F-11D3-BF4B-00C04F79EFBC}") = "clo", "clo.csproj", "{037A0952-1A99-431A-ABCE-8118D116C000}"
EndProject
Global
	GlobalSection(SolutionConfigurationPlatforms) = preSolution
		Debug|Any CPU = Debug|Any CPU
		Release|Any CPU = Release|Any CPU
	EndGlobalSection
	GlobalSection(ProjectConfigurationPlatforms) = postSolution
		{037A0952-1A99-431A-ABCE-8118D116C000}.Debug|Any CPU.ActiveCfg = Debug|Any CPU
		{037A0952-1A99-431A-ABCE-8118D116C000}.Debug|Any CPU.Build.0 = Debug|Any CPU
		{037A0952-1A99-431A-ABCE-8118D116C000}.Release|Any CPU.ActiveCfg = Release|Any CPU
		{037A0952-1A99-431A-ABCE-8118D116C000}.Release|Any CPU.Build.0 = Release|Any CPU
	EndGlobalSection
	GlobalSection(SolutionProperties) = preSolution
		HideSolutionNode = FALSE
	EndGlobalSection
	GlobalSection(ExtensibilityGlobals) = postSolution
		SolutionGuid = {CD003D91-50D0-42B3-B06A-CB375E5F6B92}
	EndGlobalSection
EndGlobal
